
Microsoft Visual Studio Solution File, Format Version 12.00
# Visual Studio Version 16
VisualStudioVersion = 16.0.29230.61
MinimumVisualStudioVersion = 10.0.40219.1
Project("{9A19103F-16F7-4668-BE54-9A1E7A4F7556}") = "BlazorDemoPreview9", "BlazorDemoPreview9\BlazorDemoPreview9.csproj", "{855995AC-DE61-4425-8DCA-AD47B1511E04}"
EndProject
Global
	GlobalSection(SolutionConfigurationPlatforms) = preSolution
		Debug|Any CPU = Debug|Any CPU
		Release|Any CPU = Release|Any CPU
	EndGlobalSection
	GlobalSection(ProjectConfigurationPlatforms) = postSolution
		{855995AC-DE61-4425-8DCA-AD47B1511E04}.Debug|Any CPU.ActiveCfg = Debug|Any CPU
		{855995AC-DE61-4425-8DCA-AD47B1511E04}.Debug|Any CPU.Build.0 = Debug|Any CPU
		{855995AC-DE61-4425-8DCA-AD47B1511E04}.Release|Any CPU.ActiveCfg = Release|Any CPU
		{855995AC-DE61-4425-8DCA-AD47B1511E04}.Release|Any CPU.Build.0 = Release|Any CPU
	EndGlobalSection
	GlobalSection(SolutionProperties) = preSolution
		HideSolutionNode = FALSE
	EndGlobalSection
	GlobalSection(ExtensibilityGlobals) = postSolution
		SolutionGuid = {418D98D7-4DBD-4F2C-B23F-7A15E9B97A51}
	EndGlobalSection
EndGlobal
